{
  "version": 4,
  "terraform_version": "1.1.6",
  "serial": 30,
  "lineage": "a56ab676-2372-722c-dfdb-08164613aa12",
  "outputs": {},
  "resources": [
    {
      "mode": "managed",
      "type": "ionoscloud_datacenter",
      "name": "terraform-wp-db-external",
      "provider": "provider[\"registry.terraform.io/ionos-cloud/ionoscloud\"]",
      "instances": [
        {
          "schema_version": 0,
          "attributes": {
            "cpu_architecture": [
              {
                "cpu_family": "AMD_OPTERON",
                "max_cores": 20,
                "max_ram": 49152,
                "vendor": "AuthenticAMD"
              },
              {
                "cpu_family": "INTEL_XEON",
                "max_cores": 20,
                "max_ram": 49152,
                "vendor": "GenuineIntel"
              }
            ],
            "description": "terraform sandbox bash script",
            "features": [
              "cloud-init",
              "cloud-init-private-image",
              "contract-identities",
              "cpu-hot-plug",
              "disk-vio-hot-plug",
              "disk-vio-hot-unplug",
              "flow-logs",
              "k8s",
              "mem-hot-plug",
              "monitoring",
              "nic-hot-plug",
              "nic-hot-unplug",
              "private-loadbalancer",
              "ssd",
              "ssd-storage-zoning",
              "vnf-cidr",
              "vnf-fw",
              "vnf-lb",
              "vnf-nat"
            ],
            "id": "59efb7c1-b7a2-40d4-8581-c60a7e5f11f4",
            "location": "us/ewr",
            "name": "terraform-wp1",
            "sec_auth_protection": false,
            "timeouts": null,
            "version": 1
          },
          "sensitive_attributes": [],
          "private": "eyJlMmJmYjczMC1lY2FhLTExZTYtOGY4OC0zNDM2M2JjN2M0YzAiOnsiY3JlYXRlIjozNjAwMDAwMDAwMDAwLCJkZWZhdWx0IjozNjAwMDAwMDAwMDAwLCJkZWxldGUiOjM2MDAwMDAwMDAwMDAsInJlYWQiOjM2MDAwMDAwMDAwMDAsInVwZGF0ZSI6MzYwMDAwMDAwMDAwMH19"
        }
      ]
    },
    {
      "mode": "managed",
      "type": "ionoscloud_ipblock",
      "name": "mysqltest",
      "provider": "provider[\"registry.terraform.io/ionos-cloud/ionoscloud\"]",
      "instances": [
        {
          "schema_version": 0,
          "attributes": {
            "id": "840f7ab3-c299-4572-9731-2ea2e1456fed",
            "ip_consumers": null,
            "ips": [
              "157.97.105.249"
            ],
            "location": "us/ewr",
            "name": "IP_BLOCK_2022-03-18T15:45:15Z",
            "size": 1,
            "timeouts": null
          },
          "sensitive_attributes": [],
          "private": "eyJlMmJmYjczMC1lY2FhLTExZTYtOGY4OC0zNDM2M2JjN2M0YzAiOnsiY3JlYXRlIjozNjAwMDAwMDAwMDAwLCJkZWZhdWx0IjozNjAwMDAwMDAwMDAwLCJkZWxldGUiOjM2MDAwMDAwMDAwMDAsInJlYWQiOjM2MDAwMDAwMDAwMDAsInVwZGF0ZSI6MzYwMDAwMDAwMDAwMH19"
        }
      ]
    },
    {
      "mode": "managed",
      "type": "ionoscloud_lan",
      "name": "terraform-lan-1",
      "provider": "provider[\"registry.terraform.io/ionos-cloud/ionoscloud\"]",
      "instances": [
        {
          "schema_version": 0,
          "attributes": {
            "datacenter_id": "59efb7c1-b7a2-40d4-8581-c60a7e5f11f4",
            "id": "2",
            "ip_failover": null,
            "name": "lan",
            "pcc": null,
            "public": false,
            "timeouts": null
          },
          "sensitive_attributes": [],
          "private": "eyJlMmJmYjczMC1lY2FhLTExZTYtOGY4OC0zNDM2M2JjN2M0YzAiOnsiY3JlYXRlIjozNjAwMDAwMDAwMDAwLCJkZWZhdWx0IjozNjAwMDAwMDAwMDAwLCJkZWxldGUiOjM2MDAwMDAwMDAwMDAsInJlYWQiOjM2MDAwMDAwMDAwMDAsInVwZGF0ZSI6MzYwMDAwMDAwMDAwMH19",
          "dependencies": [
            "ionoscloud_datacenter.terraform-wp-db-external",
            "ionoscloud_lan.terraform-wan-1"
          ]
        }
      ]
    },
    {
      "mode": "managed",
      "type": "ionoscloud_lan",
      "name": "terraform-wan-1",
      "provider": "provider[\"registry.terraform.io/ionos-cloud/ionoscloud\"]",
      "instances": [
        {
          "schema_version": 0,
          "attributes": {
            "datacenter_id": "59efb7c1-b7a2-40d4-8581-c60a7e5f11f4",
            "id": "1",
            "ip_failover": null,
            "name": "wan",
            "pcc": null,
            "public": true,
            "timeouts": null
          },
          "sensitive_attributes": [],
          "private": "eyJlMmJmYjczMC1lY2FhLTExZTYtOGY4OC0zNDM2M2JjN2M0YzAiOnsiY3JlYXRlIjozNjAwMDAwMDAwMDAwLCJkZWZhdWx0IjozNjAwMDAwMDAwMDAwLCJkZWxldGUiOjM2MDAwMDAwMDAwMDAsInJlYWQiOjM2MDAwMDAwMDAwMDAsInVwZGF0ZSI6MzYwMDAwMDAwMDAwMH19",
          "dependencies": [
            "ionoscloud_datacenter.terraform-wp-db-external"
          ]
        }
      ]
    },
    {
      "mode": "managed",
      "type": "ionoscloud_natgateway",
      "name": "ngw",
      "provider": "provider[\"registry.terraform.io/ionos-cloud/ionoscloud\"]",
      "instances": [
        {
          "schema_version": 0,
          "attributes": {
            "datacenter_id": "59efb7c1-b7a2-40d4-8581-c60a7e5f11f4",
            "id": "a8da5031-4afd-44cc-b4a0-77e5f18ce538",
            "lans": [
              {
                "gateway_ips": [
                  "192.168.10.1/24"
                ],
                "id": 2
              }
            ],
            "name": "ngw",
            "public_ips": [
              "157.97.105.249"
            ],
            "timeouts": null
          },
          "sensitive_attributes": [],
          "private": "eyJlMmJmYjczMC1lY2FhLTExZTYtOGY4OC0zNDM2M2JjN2M0YzAiOnsiY3JlYXRlIjozNjAwMDAwMDAwMDAwLCJkZWZhdWx0IjozNjAwMDAwMDAwMDAwLCJkZWxldGUiOjM2MDAwMDAwMDAwMDAsInJlYWQiOjM2MDAwMDAwMDAwMDAsInVwZGF0ZSI6MzYwMDAwMDAwMDAwMH19",
          "dependencies": [
            "ionoscloud_datacenter.terraform-wp-db-external",
            "ionoscloud_ipblock.mysqltest",
            "ionoscloud_lan.terraform-lan-1",
            "ionoscloud_lan.terraform-wan-1"
          ]
        }
      ]
    },
    {
      "mode": "managed",
      "type": "ionoscloud_natgateway_rule",
      "name": "all-out",
      "provider": "provider[\"registry.terraform.io/ionos-cloud/ionoscloud\"]",
      "instances": [
        {
          "schema_version": 0,
          "attributes": {
            "datacenter_id": "59efb7c1-b7a2-40d4-8581-c60a7e5f11f4",
            "id": "80aa98db-99e0-45d0-8924-187452feed9b",
            "name": "All-out",
            "natgateway_id": "a8da5031-4afd-44cc-b4a0-77e5f18ce538",
            "protocol": "ALL",
            "public_ip": "157.97.105.249",
            "source_subnet": "192.168.10.0/24",
            "target_port_range": null,
            "target_subnet": "0.0.0.0/0",
            "timeouts": null,
            "type": "SNAT"
          },
          "sensitive_attributes": [],
          "private": "eyJlMmJmYjczMC1lY2FhLTExZTYtOGY4OC0zNDM2M2JjN2M0YzAiOnsiY3JlYXRlIjozNjAwMDAwMDAwMDAwLCJkZWZhdWx0IjozNjAwMDAwMDAwMDAwLCJkZWxldGUiOjM2MDAwMDAwMDAwMDAsInJlYWQiOjM2MDAwMDAwMDAwMDAsInVwZGF0ZSI6MzYwMDAwMDAwMDAwMH19",
          "dependencies": [
            "ionoscloud_datacenter.terraform-wp-db-external",
            "ionoscloud_ipblock.mysqltest",
            "ionoscloud_lan.terraform-lan-1",
            "ionoscloud_lan.terraform-wan-1",
            "ionoscloud_natgateway.ngw"
          ]
        }
      ]
    },
    {
      "mode": "managed",
      "type": "ionoscloud_nic",
      "name": "terraform-wp1-nic2",
      "provider": "provider[\"registry.terraform.io/ionos-cloud/ionoscloud\"]",
      "instances": [
        {
          "schema_version": 0,
          "attributes": {
            "datacenter_id": "59efb7c1-b7a2-40d4-8581-c60a7e5f11f4",
            "device_number": null,
            "dhcp": false,
            "firewall_active": false,
            "firewall_type": "INGRESS",
            "id": "bfdf01f6-3fbd-4b9e-87af-419977371649",
            "ips": [
              "192.168.10.10"
            ],
            "lan": 2,
            "mac": "02:01:15:56:cd:34",
            "name": null,
            "pci_slot": 7,
            "server_id": "f2493d09-aa02-4ca3-a501-59de38c4a489",
            "timeouts": null
          },
          "sensitive_attributes": [],
          "private": "eyJlMmJmYjczMC1lY2FhLTExZTYtOGY4OC0zNDM2M2JjN2M0YzAiOnsiY3JlYXRlIjozNjAwMDAwMDAwMDAwLCJkZWZhdWx0IjozNjAwMDAwMDAwMDAwLCJkZWxldGUiOjM2MDAwMDAwMDAwMDAsInJlYWQiOjM2MDAwMDAwMDAwMDAsInVwZGF0ZSI6MzYwMDAwMDAwMDAwMH19",
          "dependencies": [
            "ionoscloud_datacenter.terraform-wp-db-external",
            "ionoscloud_ipblock.mysqltest",
            "ionoscloud_lan.terraform-lan-1",
            "ionoscloud_lan.terraform-wan-1",
            "ionoscloud_natgateway.ngw",
            "ionoscloud_natgateway_rule.all-out",
            "ionoscloud_server.terraform-db1",
            "ionoscloud_server.terraform-wp1"
          ]
        }
      ]
    },
    {
      "mode": "managed",
      "type": "ionoscloud_server",
      "name": "terraform-db1",
      "provider": "provider[\"registry.terraform.io/ionos-cloud/ionoscloud\"]",
      "instances": [
        {
          "schema_version": 0,
          "attributes": {
            "availability_zone": "AUTO",
            "boot_cdrom": null,
            "boot_image": "05b9bdbb-e311-11eb-a927-824af8c35c96",
            "boot_volume": "4d049936-7a90-4765-a04d-33d7b188734c",
            "cores": 2,
            "cpu_family": "AMD_OPTERON",
            "datacenter_id": "59efb7c1-b7a2-40d4-8581-c60a7e5f11f4",
            "firewallrule_id": null,
            "id": "5366a9f7-18dd-4957-bdaa-3a0c0663fa24",
            "image_name": "ubuntu",
            "image_password": "123456789",
            "name": "terraform-db1",
            "nic": [
              {
                "device_number": 0,
                "dhcp": false,
                "firewall": [],
                "firewall_active": false,
                "firewall_type": "INGRESS",
                "ips": [
                  "192.168.10.20"
                ],
                "lan": 2,
                "mac": "02:01:d3:0d:4d:d0",
                "name": "lan",
                "pci_slot": 0
              }
            ],
            "primary_ip": "192.168.10.20",
            "primary_nic": "63962a0d-20f6-4c9a-aeb0-34b4dd69a343",
            "ram": 4096,
            "ssh_key_path": [
              "/home/seth/.ssh/id_ed25519.pub"
            ],
            "template_uuid": null,
            "timeouts": null,
            "type": "ENTERPRISE",
            "volume": [
              {
                "availability_zone": "AUTO",
                "backup_unit_id": "",
                "boot_server": "5366a9f7-18dd-4957-bdaa-3a0c0663fa24",
                "bus": "VIRTIO",
                "cpu_hot_plug": true,
                "device_number": 1,
                "disc_virtio_hot_plug": true,
                "disc_virtio_hot_unplug": true,
                "disk_type": "HDD",
                "image_name": "",
                "image_password": "",
                "licence_type": "LINUX",
                "name": "terraform-db1-vol1",
                "nic_hot_plug": true,
                "nic_hot_unplug": true,
                "pci_slot": 0,
                "ram_hot_plug": true,
                "size": 50,
                "ssh_key_path": [],
                "user_data": "I2Nsb3VkLWNvbmZpZwoKd3JpdGVfZmlsZXM6Ci0gcGF0aDogL2V0Yy9jbG91ZC9jbG91ZC5jZmcuZC85OS1jdXN0b20tbmV0d29ya2luZy5jZmcKICBwZXJtaXNzaW9uczogJzA2NDQnCiAgY29udGVudDogfAogICAgbmV0d29yazoge2NvbmZpZzogZGlzYWJsZWR9Ci0gcGF0aDogL2V0Yy9uZXRwbGFuL2NvbmZpZy55YW1sCiAgcGVybWlzc2lvbnM6ICcwNjQ0JwogIGNvbnRlbnQ6IHwKICAgIG5ldHdvcms6CiAgICAgICAgdmVyc2lvbjogMgogICAgICAgIGV0aGVybmV0czoKICAgICAgICAgICAgZW5zNjoKICAgICAgICAgICAgICAgIGRoY3A0OiBmYWxzZQogICAgICAgICAgICAgICAgYWRkcmVzc2VzOiBbMTkyLjE2OC4xMC4yMC8yNF0KICAgICAgICAgICAgICAgIGdhdGV3YXk0OiAxOTIuMTY4LjEwLjEKICAgICAgICAgICAgICAgIG5hbWVzZXJ2ZXJzOgogICAgICAgICAgICAgICAgICBhZGRyZXNzZXM6IFsxLjEuMS4xXQoKCgpydW5jbWQ6CiAtIGVjaG8gInJ1bmNtZCBzdGFydCIKIC0gcm0gL2V0Yy9uZXRwbGFuLzUwLWNsb3VkLWluaXQueWFtbAogLSBybSAvZXRjL25ldHBsYW4vMDEtbmV0Y2ZnLnlhbWwKIC0gbmV0cGxhbiBnZW5lcmF0ZQogLSBuZXRwbGFuIGFwcGx5CiAtIHNsZWVwIDEwCiMgIFNldCBkZXNpcmVkIERCbmFtZSB1c2VybmFtZSBhbmQgcGFzc3dvcmQgYmVsb3csIHdpbGwgbmVlZCB0byBwcm92aWRlIHNhbWUgaW5mb3JtYXRpb24gaW4gd3AtaW5zdGFsbCBzZWN0aW9uCiAtIGV4cG9ydCBkYl9uYW1lPSJ0ZXN0ZGIiCiAtIGV4cG9ydCBkYl91c2VyPSJ3cHVzZXIiCiAtIGV4cG9ydCBkYl9wYXNzd29yZD0icGFzc3dvcmQxMjM0IgojICBlbmQgZGIgY3JlZGVudGlhbHMKIC0gYXB0IHVwZGF0ZQogLSBhcHQgdXBncmFkZSAteQogLSBhcHQgaW5zdGFsbCAteSBteXNxbC1zZXJ2ZXIKIyAgY2hhbmdlIHJlcG8gYmVsb3cgZm9yIHByb2QgcmVsZWFzZQogLSBnaXQgY2xvbmUgaHR0cHM6Ly9naXRodWIuY29tL2h1ZWdvdHQvd3AtZXh0LWRiIC90bXAvbXlzcWwtY2xvdWQtaW5pdAogLSBjaG1vZCAreCAvdG1wL215c3FsLWNsb3VkLWluaXQvbXlzcWwtaW5zdGFsbC5zaAogLSAvdG1wL215c3FsLWNsb3VkLWluaXQvbXlzcWwtaW5zdGFsbC5zaAogLSBlY2hvICJydW5jbWQgY29tcGxldGUi"
              }
            ]
          },
          "sensitive_attributes": [],
          "private": "eyJlMmJmYjczMC1lY2FhLTExZTYtOGY4OC0zNDM2M2JjN2M0YzAiOnsiY3JlYXRlIjozNjAwMDAwMDAwMDAwLCJkZWZhdWx0IjozNjAwMDAwMDAwMDAwLCJkZWxldGUiOjM2MDAwMDAwMDAwMDAsInJlYWQiOjM2MDAwMDAwMDAwMDAsInVwZGF0ZSI6MzYwMDAwMDAwMDAwMH19",
          "dependencies": [
            "ionoscloud_datacenter.terraform-wp-db-external",
            "ionoscloud_ipblock.mysqltest",
            "ionoscloud_lan.terraform-lan-1",
            "ionoscloud_lan.terraform-wan-1",
            "ionoscloud_natgateway.ngw",
            "ionoscloud_natgateway_rule.all-out"
          ]
        }
      ]
    },
    {
      "mode": "managed",
      "type": "ionoscloud_server",
      "name": "terraform-wp1",
      "provider": "provider[\"registry.terraform.io/ionos-cloud/ionoscloud\"]",
      "instances": [
        {
          "schema_version": 0,
          "attributes": {
            "availability_zone": "AUTO",
            "boot_cdrom": null,
            "boot_image": "05b9bdbb-e311-11eb-a927-824af8c35c96",
            "boot_volume": "d4947b5e-ef72-4c72-b42c-35598b1f9ee1",
            "cores": 2,
            "cpu_family": "AMD_OPTERON",
            "datacenter_id": "59efb7c1-b7a2-40d4-8581-c60a7e5f11f4",
            "firewallrule_id": null,
            "id": "f2493d09-aa02-4ca3-a501-59de38c4a489",
            "image_name": "ubuntu",
            "image_password": "123456789",
            "name": "terraform-wp1",
            "nic": [
              {
                "device_number": 0,
                "dhcp": true,
                "firewall": [],
                "firewall_active": false,
                "firewall_type": "INGRESS",
                "ips": [
                  "192.206.141.174"
                ],
                "lan": 1,
                "mac": "02:01:58:9f:dd:92",
                "name": "WAN",
                "pci_slot": 0
              }
            ],
            "primary_ip": "192.206.141.174",
            "primary_nic": "12007a91-b9d2-45a6-b09c-1e005570a959",
            "ram": 4096,
            "ssh_key_path": [
              "/home/seth/.ssh/id_ed25519.pub"
            ],
            "template_uuid": null,
            "timeouts": null,
            "type": "ENTERPRISE",
            "volume": [
              {
                "availability_zone": "AUTO",
                "backup_unit_id": "",
                "boot_server": "f2493d09-aa02-4ca3-a501-59de38c4a489",
                "bus": "VIRTIO",
                "cpu_hot_plug": true,
                "device_number": 1,
                "disc_virtio_hot_plug": true,
                "disc_virtio_hot_unplug": true,
                "disk_type": "HDD",
                "image_name": "",
                "image_password": "",
                "licence_type": "LINUX",
                "name": "terraform-wp1-vol1",
                "nic_hot_plug": true,
                "nic_hot_unplug": true,
                "pci_slot": 0,
                "ram_hot_plug": true,
                "size": 50,
                "ssh_key_path": [],
                "user_data": "I2Nsb3VkLWNvbmZpZwp3cml0ZV9maWxlczoKLSBwYXRoOiAvZXRjL2Nsb3VkL2Nsb3VkLmNmZy5kLzk5LWN1c3RvbS1uZXR3b3JraW5nLmNmZwogIHBlcm1pc3Npb25zOiAnMDY0NCcKICBjb250ZW50OiB8CiAgICBuZXR3b3JrOiB7Y29uZmlnOiBkaXNhYmxlZH0KLSBwYXRoOiAvZXRjL25ldHBsYW4vY29uZmlnLnlhbWwKICBwZXJtaXNzaW9uczogJzA2NDQnCiAgY29udGVudDogfAogICAgbmV0d29yazoKICAgICAgICB2ZXJzaW9uOiAyCiAgICAgICAgZXRoZXJuZXRzOgogICAgICAgICAgICBlbnM2OgogICAgICAgICAgICAgICAgZGhjcDQ6IHRydWUgICAgICAgICAgICAgICAgICAgICAgICAgICAgIAogICAgICAgICAgICBlbnM3OgogICAgICAgICAgICAgICAgZGhjcDQ6IGZhbHNlCiAgICAgICAgICAgICAgICBhZGRyZXNzZXM6IFsxOTIuMTY4LjEwLjEwLzI0XSAgCgpydW5jbWQ6CiAtIGVjaG8gInJ1bmNtZCBzdGFydCIKIC0gcm0gL2V0Yy9uZXRwbGFuLzUwLWNsb3VkLWluaXQueWFtbAogLSBybSAvZXRjL25ldHBsYW4vMDEtbmV0Y2ZnLnlhbWwKIC0gbmV0cGxhbiBnZW5lcmF0ZQogLSBuZXRwbGFuIGFwcGx5CiAtIHNsZWVwIDMwCiAtIGFwdCB1cGRhdGUKIC0gYXB0IHVwZ3JhZGUgLXkKIC0gYXB0IGluc3RhbGwgLXkgYXBhY2hlMgojICBzZXQgZGIgY3JlZGVudGlhbHMgYmVsb3cKIC0gZXhwb3J0IGRiX25hbWU9InRlc3RkYiIKIC0gZXhwb3J0IGRiX3VzZXI9IndwdXNlciIKIC0gZXhwb3J0IGRiX3Bhc3N3b3JkPSJwYXNzd29yZDEyMzQiCiAtIGV4cG9ydCBkYl9ob3N0PSIxOTIuMTY4LjEwLjIwIgojICBlbmQgZGIgY3JlZGVudGlhbHMKIC0gZ2l0IGNsb25lIGh0dHBzOi8vZ2l0aHViLmNvbS9odWVnb3R0L3dwLWV4dC1kYiAvdG1wL3dwLWluc3RhbGwKIC0gY2htb2QgK3ggL3RtcC93cC1pbnN0YWxsL3dwLWluc3RhbGwuc2gKIC0gL3RtcC93cC1pbnN0YWxsL3dwLWluc3RhbGwuc2g="
              }
            ]
          },
          "sensitive_attributes": [],
          "private": "eyJlMmJmYjczMC1lY2FhLTExZTYtOGY4OC0zNDM2M2JjN2M0YzAiOnsiY3JlYXRlIjozNjAwMDAwMDAwMDAwLCJkZWZhdWx0IjozNjAwMDAwMDAwMDAwLCJkZWxldGUiOjM2MDAwMDAwMDAwMDAsInJlYWQiOjM2MDAwMDAwMDAwMDAsInVwZGF0ZSI6MzYwMDAwMDAwMDAwMH19",
          "dependencies": [
            "ionoscloud_datacenter.terraform-wp-db-external",
            "ionoscloud_ipblock.mysqltest",
            "ionoscloud_lan.terraform-lan-1",
            "ionoscloud_lan.terraform-wan-1",
            "ionoscloud_natgateway.ngw",
            "ionoscloud_natgateway_rule.all-out",
            "ionoscloud_server.terraform-db1"
          ]
        }
      ]
    }
  ]
}
