{
  "version": 4,
  "terraform_version": "1.1.6",
  "serial": 25,
  "lineage": "258dd622-e5f1-5e85-32af-06150210867b",
  "outputs": {},
  "resources": [
    {
      "mode": "managed",
      "type": "ionoscloud_datacenter",
      "name": "terraform-wp-db-external",
      "provider": "provider[\"registry.terraform.io/ionos-cloud/ionoscloud\"]",
      "instances": [
        {
          "schema_version": 0,
          "attributes": {
            "cpu_architecture": [
              {
                "cpu_family": "AMD_OPTERON",
                "max_cores": 20,
                "max_ram": 49152,
                "vendor": "AuthenticAMD"
              },
              {
                "cpu_family": "INTEL_XEON",
                "max_cores": 20,
                "max_ram": 49152,
                "vendor": "GenuineIntel"
              }
            ],
            "description": "terraform sandbox bash script",
            "features": [
              "cloud-init",
              "cloud-init-private-image",
              "contract-identities",
              "cpu-hot-plug",
              "disk-vio-hot-plug",
              "disk-vio-hot-unplug",
              "flow-logs",
              "k8s",
              "mem-hot-plug",
              "monitoring",
              "nic-hot-plug",
              "nic-hot-unplug",
              "private-loadbalancer",
              "ssd",
              "ssd-storage-zoning",
              "vnf-cidr",
              "vnf-fw",
              "vnf-lb",
              "vnf-nat"
            ],
            "id": "5457c10b-1f4b-4068-81ec-ac3e4e9a9542",
            "location": "us/ewr",
            "name": "terraform-wp1",
            "sec_auth_protection": false,
            "timeouts": null,
            "version": 1
          },
          "sensitive_attributes": [],
          "private": "eyJlMmJmYjczMC1lY2FhLTExZTYtOGY4OC0zNDM2M2JjN2M0YzAiOnsiY3JlYXRlIjozNjAwMDAwMDAwMDAwLCJkZWZhdWx0IjozNjAwMDAwMDAwMDAwLCJkZWxldGUiOjM2MDAwMDAwMDAwMDAsInJlYWQiOjM2MDAwMDAwMDAwMDAsInVwZGF0ZSI6MzYwMDAwMDAwMDAwMH19"
        }
      ]
    },
    {
      "mode": "managed",
      "type": "ionoscloud_ipblock",
      "name": "mysqltest",
      "provider": "provider[\"registry.terraform.io/ionos-cloud/ionoscloud\"]",
      "instances": [
        {
          "schema_version": 0,
          "attributes": {
            "id": "4d7eef4e-cd5d-43f8-a0d0-3b5efb5b33b6",
            "ip_consumers": null,
            "ips": [
              "157.97.105.156"
            ],
            "location": "us/ewr",
            "name": "IP_BLOCK_2022-03-18T14:12:35Z",
            "size": 1,
            "timeouts": null
          },
          "sensitive_attributes": [],
          "private": "eyJlMmJmYjczMC1lY2FhLTExZTYtOGY4OC0zNDM2M2JjN2M0YzAiOnsiY3JlYXRlIjozNjAwMDAwMDAwMDAwLCJkZWZhdWx0IjozNjAwMDAwMDAwMDAwLCJkZWxldGUiOjM2MDAwMDAwMDAwMDAsInJlYWQiOjM2MDAwMDAwMDAwMDAsInVwZGF0ZSI6MzYwMDAwMDAwMDAwMH19"
        }
      ]
    },
    {
      "mode": "managed",
      "type": "ionoscloud_lan",
      "name": "terraform-lan-1",
      "provider": "provider[\"registry.terraform.io/ionos-cloud/ionoscloud\"]",
      "instances": [
        {
          "schema_version": 0,
          "attributes": {
            "datacenter_id": "5457c10b-1f4b-4068-81ec-ac3e4e9a9542",
            "id": "2",
            "ip_failover": null,
            "name": "lan",
            "pcc": null,
            "public": false,
            "timeouts": null
          },
          "sensitive_attributes": [],
          "private": "eyJlMmJmYjczMC1lY2FhLTExZTYtOGY4OC0zNDM2M2JjN2M0YzAiOnsiY3JlYXRlIjozNjAwMDAwMDAwMDAwLCJkZWZhdWx0IjozNjAwMDAwMDAwMDAwLCJkZWxldGUiOjM2MDAwMDAwMDAwMDAsInJlYWQiOjM2MDAwMDAwMDAwMDAsInVwZGF0ZSI6MzYwMDAwMDAwMDAwMH19",
          "dependencies": [
            "ionoscloud_datacenter.terraform-wp-db-external",
            "ionoscloud_lan.terraform-wan-1"
          ]
        }
      ]
    },
    {
      "mode": "managed",
      "type": "ionoscloud_lan",
      "name": "terraform-wan-1",
      "provider": "provider[\"registry.terraform.io/ionos-cloud/ionoscloud\"]",
      "instances": [
        {
          "schema_version": 0,
          "attributes": {
            "datacenter_id": "5457c10b-1f4b-4068-81ec-ac3e4e9a9542",
            "id": "1",
            "ip_failover": null,
            "name": "wan",
            "pcc": null,
            "public": true,
            "timeouts": null
          },
          "sensitive_attributes": [],
          "private": "eyJlMmJmYjczMC1lY2FhLTExZTYtOGY4OC0zNDM2M2JjN2M0YzAiOnsiY3JlYXRlIjozNjAwMDAwMDAwMDAwLCJkZWZhdWx0IjozNjAwMDAwMDAwMDAwLCJkZWxldGUiOjM2MDAwMDAwMDAwMDAsInJlYWQiOjM2MDAwMDAwMDAwMDAsInVwZGF0ZSI6MzYwMDAwMDAwMDAwMH19",
          "dependencies": [
            "ionoscloud_datacenter.terraform-wp-db-external"
          ]
        }
      ]
    },
    {
      "mode": "managed",
      "type": "ionoscloud_natgateway",
      "name": "ngw",
      "provider": "provider[\"registry.terraform.io/ionos-cloud/ionoscloud\"]",
      "instances": [
        {
          "schema_version": 0,
          "attributes": {
            "datacenter_id": "5457c10b-1f4b-4068-81ec-ac3e4e9a9542",
            "id": "5db573ca-f2a3-43ec-8e60-714e63b488d3",
            "lans": [
              {
                "gateway_ips": [
                  "192.168.10.1/24"
                ],
                "id": 2
              }
            ],
            "name": "ngw",
            "public_ips": [
              "157.97.105.156"
            ],
            "timeouts": null
          },
          "sensitive_attributes": [],
          "private": "eyJlMmJmYjczMC1lY2FhLTExZTYtOGY4OC0zNDM2M2JjN2M0YzAiOnsiY3JlYXRlIjozNjAwMDAwMDAwMDAwLCJkZWZhdWx0IjozNjAwMDAwMDAwMDAwLCJkZWxldGUiOjM2MDAwMDAwMDAwMDAsInJlYWQiOjM2MDAwMDAwMDAwMDAsInVwZGF0ZSI6MzYwMDAwMDAwMDAwMH19",
          "dependencies": [
            "ionoscloud_datacenter.terraform-wp-db-external",
            "ionoscloud_ipblock.mysqltest",
            "ionoscloud_lan.terraform-lan-1",
            "ionoscloud_lan.terraform-wan-1"
          ]
        }
      ]
    },
    {
      "mode": "managed",
      "type": "ionoscloud_natgateway_rule",
      "name": "all-out",
      "provider": "provider[\"registry.terraform.io/ionos-cloud/ionoscloud\"]",
      "instances": [
        {
          "schema_version": 0,
          "attributes": {
            "datacenter_id": "5457c10b-1f4b-4068-81ec-ac3e4e9a9542",
            "id": "bffd2464-03f6-40c1-adca-797c862820db",
            "name": "All-out",
            "natgateway_id": "5db573ca-f2a3-43ec-8e60-714e63b488d3",
            "protocol": "ALL",
            "public_ip": "157.97.105.156",
            "source_subnet": "192.168.10.0/24",
            "target_port_range": null,
            "target_subnet": "0.0.0.0/0",
            "timeouts": null,
            "type": "SNAT"
          },
          "sensitive_attributes": [],
          "private": "eyJlMmJmYjczMC1lY2FhLTExZTYtOGY4OC0zNDM2M2JjN2M0YzAiOnsiY3JlYXRlIjozNjAwMDAwMDAwMDAwLCJkZWZhdWx0IjozNjAwMDAwMDAwMDAwLCJkZWxldGUiOjM2MDAwMDAwMDAwMDAsInJlYWQiOjM2MDAwMDAwMDAwMDAsInVwZGF0ZSI6MzYwMDAwMDAwMDAwMH19",
          "dependencies": [
            "ionoscloud_datacenter.terraform-wp-db-external",
            "ionoscloud_ipblock.mysqltest",
            "ionoscloud_lan.terraform-lan-1",
            "ionoscloud_lan.terraform-wan-1",
            "ionoscloud_natgateway.ngw"
          ]
        }
      ]
    },
    {
      "mode": "managed",
      "type": "ionoscloud_nic",
      "name": "terraform-wp1-nic2",
      "provider": "provider[\"registry.terraform.io/ionos-cloud/ionoscloud\"]",
      "instances": [
        {
          "schema_version": 0,
          "attributes": {
            "datacenter_id": "5457c10b-1f4b-4068-81ec-ac3e4e9a9542",
            "device_number": null,
            "dhcp": false,
            "firewall_active": false,
            "firewall_type": "INGRESS",
            "id": "e91cbcfd-19e1-495c-b82c-5d03777b86ef",
            "ips": [
              "192.168.10.10"
            ],
            "lan": 2,
            "mac": "02:01:b0:8d:12:67",
            "name": null,
            "pci_slot": 7,
            "server_id": "350f4e89-3285-4817-a0b9-50d507583aff",
            "timeouts": null
          },
          "sensitive_attributes": [],
          "private": "eyJlMmJmYjczMC1lY2FhLTExZTYtOGY4OC0zNDM2M2JjN2M0YzAiOnsiY3JlYXRlIjozNjAwMDAwMDAwMDAwLCJkZWZhdWx0IjozNjAwMDAwMDAwMDAwLCJkZWxldGUiOjM2MDAwMDAwMDAwMDAsInJlYWQiOjM2MDAwMDAwMDAwMDAsInVwZGF0ZSI6MzYwMDAwMDAwMDAwMH19",
          "dependencies": [
            "ionoscloud_datacenter.terraform-wp-db-external",
            "ionoscloud_ipblock.mysqltest",
            "ionoscloud_lan.terraform-lan-1",
            "ionoscloud_lan.terraform-wan-1",
            "ionoscloud_natgateway.ngw",
            "ionoscloud_natgateway_rule.all-out",
            "ionoscloud_server.terraform-db1",
            "ionoscloud_server.terraform-wp1"
          ]
        }
      ]
    },
    {
      "mode": "managed",
      "type": "ionoscloud_server",
      "name": "terraform-db1",
      "provider": "provider[\"registry.terraform.io/ionos-cloud/ionoscloud\"]",
      "instances": [
        {
          "schema_version": 0,
          "attributes": {
            "availability_zone": "AUTO",
            "boot_cdrom": null,
            "boot_image": "05b9bdbb-e311-11eb-a927-824af8c35c96",
            "boot_volume": "1aa8d745-2dfe-4416-8ef5-95cc12517f16",
            "cores": 2,
            "cpu_family": "AMD_OPTERON",
            "datacenter_id": "5457c10b-1f4b-4068-81ec-ac3e4e9a9542",
            "firewallrule_id": null,
            "id": "2feeb7f2-ab5d-45da-9d2c-c939eeb09cd9",
            "image_name": "ubuntu",
            "image_password": "123456789",
            "name": "terraform-db1",
            "nic": [
              {
                "device_number": 0,
                "dhcp": false,
                "firewall": [],
                "firewall_active": false,
                "firewall_type": "INGRESS",
                "ips": [
                  "192.168.10.20"
                ],
                "lan": 2,
                "mac": "02:01:df:33:15:96",
                "name": "lan",
                "pci_slot": 0
              }
            ],
            "primary_ip": "192.168.10.20",
            "primary_nic": "489ded11-b9ef-4ae6-b4d5-3b6e9bb3457c",
            "ram": 4096,
            "ssh_key_path": [
              "/home/seth/.ssh/id_ed25519.pub"
            ],
            "template_uuid": null,
            "timeouts": null,
            "type": "ENTERPRISE",
            "volume": [
              {
                "availability_zone": "AUTO",
                "backup_unit_id": "",
                "boot_server": "2feeb7f2-ab5d-45da-9d2c-c939eeb09cd9",
                "bus": "VIRTIO",
                "cpu_hot_plug": true,
                "device_number": 1,
                "disc_virtio_hot_plug": true,
                "disc_virtio_hot_unplug": true,
                "disk_type": "HDD",
                "image_name": "",
                "image_password": "",
                "licence_type": "LINUX",
                "name": "terraform-db1-vol1",
                "nic_hot_plug": true,
                "nic_hot_unplug": true,
                "pci_slot": 0,
                "ram_hot_plug": true,
                "size": 50,
                "ssh_key_path": [],
                "user_data": "I2Nsb3VkLWNvbmZpZwoKIyBteXNxbCBpbnN0YWxsIHYyIHNjcmlwdApydW5jbWQ6CiAtIGVjaG8gInJ1bmNtZCBzdGFydCIKIyAgU2V0IGRlc2lyZWQgREJuYW1lIHVzZXJuYW1lIGFuZCBwYXNzd29yZCBiZWxvdywgd2lsbCBuZWVkIHRvIHByb3ZpZGUgc2FtZSBpbmZvcm1hdGlvbiBpbiB3cC1pbnN0YWxsIHNlY3Rpb24KIC0gZXhwb3J0IGRiX25hbWU9InRlc3RkYiIKIC0gZXhwb3J0IGRiX3VzZXI9IndwdXNlciIKIC0gZXhwb3J0IGRiX3Bhc3N3b3JkPSJwYXNzd29yZDEyMzQiCiAtIGV4cG9ydCBkYl9ob3N0bmFtZT0iIgojICBlbmQgZGIgY3JlZGVudGlhbHMKIC0gYXB0IHVwZGF0ZQogLSBhcHQgaW5zdGFsbCAteSBteXNxbC1zZXJ2ZXIKIyAgY2hhbmdlIHJlcG8gYmVsb3cgZm9yIHByb2QgcmVsZWFzZQogLSBnaXQgY2xvbmUgaHR0cHM6Ly9naXRodWIuY29tL2h1ZWdvdHQvd3AtZXh0LWRiIC90bXAvbXlzcWwtY2xvdWQtaW5pdAogLSBjaG1vZCAreCAvdG1wL215c3FsLWNsb3VkLWluaXQvbXlzcWwtaW5zdGFsbC5zaAogLSAvdG1wL215c3FsLWNsb3VkLWluaXQvbXlzcWwtaW5zdGFsbC5zaAogLSBlY2hvICJydW5jbWQgY29tcGxldGUi"
              }
            ]
          },
          "sensitive_attributes": [],
          "private": "eyJlMmJmYjczMC1lY2FhLTExZTYtOGY4OC0zNDM2M2JjN2M0YzAiOnsiY3JlYXRlIjozNjAwMDAwMDAwMDAwLCJkZWZhdWx0IjozNjAwMDAwMDAwMDAwLCJkZWxldGUiOjM2MDAwMDAwMDAwMDAsInJlYWQiOjM2MDAwMDAwMDAwMDAsInVwZGF0ZSI6MzYwMDAwMDAwMDAwMH19",
          "dependencies": [
            "ionoscloud_datacenter.terraform-wp-db-external",
            "ionoscloud_ipblock.mysqltest",
            "ionoscloud_lan.terraform-lan-1",
            "ionoscloud_lan.terraform-wan-1",
            "ionoscloud_natgateway.ngw",
            "ionoscloud_natgateway_rule.all-out"
          ]
        }
      ]
    },
    {
      "mode": "managed",
      "type": "ionoscloud_server",
      "name": "terraform-wp1",
      "provider": "provider[\"registry.terraform.io/ionos-cloud/ionoscloud\"]",
      "instances": [
        {
          "schema_version": 0,
          "attributes": {
            "availability_zone": "AUTO",
            "boot_cdrom": null,
            "boot_image": "05b9bdbb-e311-11eb-a927-824af8c35c96",
            "boot_volume": "91e2b02c-f0c9-4ca4-9bac-5137d9cdfb6f",
            "cores": 2,
            "cpu_family": "AMD_OPTERON",
            "datacenter_id": "5457c10b-1f4b-4068-81ec-ac3e4e9a9542",
            "firewallrule_id": null,
            "id": "350f4e89-3285-4817-a0b9-50d507583aff",
            "image_name": "ubuntu",
            "image_password": "123456789",
            "name": "terraform-wp1",
            "nic": [
              {
                "device_number": 0,
                "dhcp": true,
                "firewall": [],
                "firewall_active": false,
                "firewall_type": "INGRESS",
                "ips": [
                  "192.206.141.38"
                ],
                "lan": 1,
                "mac": "02:01:76:6c:7a:9f",
                "name": "WAN",
                "pci_slot": 0
              }
            ],
            "primary_ip": "192.206.141.38",
            "primary_nic": "0e1ebd15-e363-40de-a020-bc0838d8d4ff",
            "ram": 4096,
            "ssh_key_path": [
              "/home/seth/.ssh/id_ed25519.pub"
            ],
            "template_uuid": null,
            "timeouts": null,
            "type": "ENTERPRISE",
            "volume": [
              {
                "availability_zone": "AUTO",
                "backup_unit_id": "",
                "boot_server": "350f4e89-3285-4817-a0b9-50d507583aff",
                "bus": "VIRTIO",
                "cpu_hot_plug": true,
                "device_number": 1,
                "disc_virtio_hot_plug": true,
                "disc_virtio_hot_unplug": true,
                "disk_type": "HDD",
                "image_name": "",
                "image_password": "",
                "licence_type": "LINUX",
                "name": "terraform-wp1-vol1",
                "nic_hot_plug": true,
                "nic_hot_unplug": true,
                "pci_slot": 0,
                "ram_hot_plug": true,
                "size": 50,
                "ssh_key_path": [],
                "user_data": "I2Nsb3VkLWNvbmZpZwp3cml0ZV9maWxlczoKLSBwYXRoOiAvZXRjL2Nsb3VkL2Nsb3VkLmNmZy5kLzk5LWN1c3RvbS1uZXR3b3JraW5nLmNmZwogIHBlcm1pc3Npb25zOiAnMDY0NCcKICBjb250ZW50OiB8CiAgICBuZXR3b3JrOiB7Y29uZmlnOiBkaXNhYmxlZH0KLSBwYXRoOiAvZXRjL25ldHBsYW4vY29uZmlnLnlhbWwKICBwZXJtaXNzaW9uczogJzA2NDQnCiAgY29udGVudDogfAogICAgbmV0d29yazoKICAgICAgICB2ZXJzaW9uOiAyCiAgICAgICAgZXRoZXJuZXRzOgogICAgICAgICAgICBlbnM2OgogICAgICAgICAgICAgICAgZGhjcDQ6IHRydWUgICAgICAgICAgICAgICAgICAgICAgICAgICAgIAogICAgICAgICAgICBlbnM3OgogICAgICAgICAgICAgICAgZGhjcDQ6IGZhbHNlCiAgICAgICAgICAgICAgICBhZGRyZXNzZXM6IFsxOTIuMTY4LjEwLjEwLzI0XSAgCgpydW5jbWQ6CiAtIGVjaG8gInJ1bmNtZCBzdGFydCIKIC0gcm0gL2V0Yy9uZXRwbGFuLzUwLWNsb3VkLWluaXQueWFtbAogLSBybSAvZXRjL25ldHBsYW4vMDEtbmV0Y2ZnLnlhbWwKIC0gbmV0cGxhbiBnZW5lcmF0ZQogLSBuZXRwbGFuIGFwcGx5CiAtIGFwdCB1cGRhdGUKIC0gYXB0IGluc3RhbGwgLXkgYXBhY2hlMgojICBzZXQgZGIgY3JlZGVudGlhbHMgYmVsb3cKIC0gZXhwb3J0IGRiX25hbWU9InRlc3RkYiIKIC0gZXhwb3J0IGRiX3VzZXI9IndwdXNlciIKIC0gZXhwb3J0IGRiX3Bhc3N3b3JkPSJwYXNzd29yZDEyMzQiCiAtIGV4cG9ydCBkYl9ob3N0PSIxOTIuMTY4LjEwLjIwIgojICBlbmQgZGIgY3JlZGVudGlhbHMKIC0gZ2l0IGNsb25lIGh0dHBzOi8vZ2l0aHViLmNvbS9odWVnb3R0L3dwLWV4dC1kYiAvdG1wL3dwLWluc3RhbGwKIC0gY2htb2QgK3ggL3RtcC93cC1pbnN0YWxsL3dwLWluc3RhbGwuc2gKIC0gL3RtcC93cC1pbnN0YWxsL3dwLWluc3RhbGwuc2g="
              }
            ]
          },
          "sensitive_attributes": [],
          "private": "eyJlMmJmYjczMC1lY2FhLTExZTYtOGY4OC0zNDM2M2JjN2M0YzAiOnsiY3JlYXRlIjozNjAwMDAwMDAwMDAwLCJkZWZhdWx0IjozNjAwMDAwMDAwMDAwLCJkZWxldGUiOjM2MDAwMDAwMDAwMDAsInJlYWQiOjM2MDAwMDAwMDAwMDAsInVwZGF0ZSI6MzYwMDAwMDAwMDAwMH19",
          "dependencies": [
            "ionoscloud_datacenter.terraform-wp-db-external",
            "ionoscloud_ipblock.mysqltest",
            "ionoscloud_lan.terraform-lan-1",
            "ionoscloud_lan.terraform-wan-1",
            "ionoscloud_natgateway.ngw",
            "ionoscloud_natgateway_rule.all-out",
            "ionoscloud_server.terraform-db1"
          ]
        }
      ]
    }
  ]
}
