{
  "version": 4,
  "terraform_version": "1.1.6",
  "serial": 110,
  "lineage": "6dc064b6-5250-3f5c-94cd-0c6b58ac3a0e",
  "outputs": {},
  "resources": [
    {
      "mode": "managed",
      "type": "ionoscloud_datacenter",
      "name": "terraform-wp-db-external",
      "provider": "provider[\"registry.terraform.io/ionos-cloud/ionoscloud\"]",
      "instances": [
        {
          "schema_version": 0,
          "attributes": {
            "cpu_architecture": [
              {
                "cpu_family": "AMD_OPTERON",
                "max_cores": 20,
                "max_ram": 49152,
                "vendor": "AuthenticAMD"
              },
              {
                "cpu_family": "INTEL_XEON",
                "max_cores": 20,
                "max_ram": 49152,
                "vendor": "GenuineIntel"
              }
            ],
            "description": "terraform sandbox bash script",
            "features": [
              "cloud-init",
              "cloud-init-private-image",
              "contract-identities",
              "cpu-hot-plug",
              "disk-vio-hot-plug",
              "disk-vio-hot-unplug",
              "flow-logs",
              "k8s",
              "mem-hot-plug",
              "monitoring",
              "nic-hot-plug",
              "nic-hot-unplug",
              "private-loadbalancer",
              "ssd",
              "ssd-storage-zoning",
              "vnf-cidr",
              "vnf-fw",
              "vnf-lb",
              "vnf-nat"
            ],
            "id": "f9c7c6b8-fe86-4238-9389-86884d93531d",
            "location": "us/ewr",
            "name": "terraform-wp1",
            "sec_auth_protection": false,
            "timeouts": null,
            "version": 2
          },
          "sensitive_attributes": [],
          "private": "eyJlMmJmYjczMC1lY2FhLTExZTYtOGY4OC0zNDM2M2JjN2M0YzAiOnsiY3JlYXRlIjozNjAwMDAwMDAwMDAwLCJkZWZhdWx0IjozNjAwMDAwMDAwMDAwLCJkZWxldGUiOjM2MDAwMDAwMDAwMDAsInJlYWQiOjM2MDAwMDAwMDAwMDAsInVwZGF0ZSI6MzYwMDAwMDAwMDAwMH19"
        }
      ]
    },
    {
      "mode": "managed",
      "type": "ionoscloud_ipblock",
      "name": "mysqltest",
      "provider": "provider[\"registry.terraform.io/ionos-cloud/ionoscloud\"]",
      "instances": [
        {
          "schema_version": 0,
          "attributes": {
            "id": "ce13f330-6e9d-427f-874e-30c15658d035",
            "ip_consumers": null,
            "ips": [
              "157.97.105.57"
            ],
            "location": "us/ewr",
            "name": "IP_BLOCK_2022-06-08T19:51:44Z",
            "size": 1,
            "timeouts": null
          },
          "sensitive_attributes": [],
          "private": "eyJlMmJmYjczMC1lY2FhLTExZTYtOGY4OC0zNDM2M2JjN2M0YzAiOnsiY3JlYXRlIjozNjAwMDAwMDAwMDAwLCJkZWZhdWx0IjozNjAwMDAwMDAwMDAwLCJkZWxldGUiOjM2MDAwMDAwMDAwMDAsInJlYWQiOjM2MDAwMDAwMDAwMDAsInVwZGF0ZSI6MzYwMDAwMDAwMDAwMH19"
        }
      ]
    },
    {
      "mode": "managed",
      "type": "ionoscloud_lan",
      "name": "terraform-lan-1",
      "provider": "provider[\"registry.terraform.io/ionos-cloud/ionoscloud\"]",
      "instances": [
        {
          "schema_version": 0,
          "attributes": {
            "datacenter_id": "f9c7c6b8-fe86-4238-9389-86884d93531d",
            "id": "2",
            "ip_failover": null,
            "name": "lan",
            "pcc": null,
            "public": false,
            "timeouts": null
          },
          "sensitive_attributes": [],
          "private": "eyJlMmJmYjczMC1lY2FhLTExZTYtOGY4OC0zNDM2M2JjN2M0YzAiOnsiY3JlYXRlIjozNjAwMDAwMDAwMDAwLCJkZWZhdWx0IjozNjAwMDAwMDAwMDAwLCJkZWxldGUiOjM2MDAwMDAwMDAwMDAsInJlYWQiOjM2MDAwMDAwMDAwMDAsInVwZGF0ZSI6MzYwMDAwMDAwMDAwMH19",
          "dependencies": [
            "ionoscloud_datacenter.terraform-wp-db-external",
            "ionoscloud_lan.terraform-wan-1"
          ]
        }
      ]
    },
    {
      "mode": "managed",
      "type": "ionoscloud_lan",
      "name": "terraform-wan-1",
      "provider": "provider[\"registry.terraform.io/ionos-cloud/ionoscloud\"]",
      "instances": [
        {
          "schema_version": 0,
          "attributes": {
            "datacenter_id": "f9c7c6b8-fe86-4238-9389-86884d93531d",
            "id": "1",
            "ip_failover": null,
            "name": "wan",
            "pcc": null,
            "public": true,
            "timeouts": null
          },
          "sensitive_attributes": [],
          "private": "eyJlMmJmYjczMC1lY2FhLTExZTYtOGY4OC0zNDM2M2JjN2M0YzAiOnsiY3JlYXRlIjozNjAwMDAwMDAwMDAwLCJkZWZhdWx0IjozNjAwMDAwMDAwMDAwLCJkZWxldGUiOjM2MDAwMDAwMDAwMDAsInJlYWQiOjM2MDAwMDAwMDAwMDAsInVwZGF0ZSI6MzYwMDAwMDAwMDAwMH19",
          "dependencies": [
            "ionoscloud_datacenter.terraform-wp-db-external"
          ]
        }
      ]
    },
    {
      "mode": "managed",
      "type": "ionoscloud_natgateway",
      "name": "ngw",
      "provider": "provider[\"registry.terraform.io/ionos-cloud/ionoscloud\"]",
      "instances": [
        {
          "schema_version": 0,
          "attributes": {
            "datacenter_id": "f9c7c6b8-fe86-4238-9389-86884d93531d",
            "id": "3e259232-eb4b-491e-8358-1276506a9811",
            "lans": [
              {
                "gateway_ips": [
                  "192.168.10.1/24"
                ],
                "id": 2
              }
            ],
            "name": "ngw",
            "public_ips": [
              "157.97.105.57"
            ],
            "timeouts": null
          },
          "sensitive_attributes": [],
          "private": "eyJlMmJmYjczMC1lY2FhLTExZTYtOGY4OC0zNDM2M2JjN2M0YzAiOnsiY3JlYXRlIjozNjAwMDAwMDAwMDAwLCJkZWZhdWx0IjozNjAwMDAwMDAwMDAwLCJkZWxldGUiOjM2MDAwMDAwMDAwMDAsInJlYWQiOjM2MDAwMDAwMDAwMDAsInVwZGF0ZSI6MzYwMDAwMDAwMDAwMH19",
          "dependencies": [
            "ionoscloud_datacenter.terraform-wp-db-external",
            "ionoscloud_ipblock.mysqltest",
            "ionoscloud_lan.terraform-lan-1",
            "ionoscloud_lan.terraform-wan-1"
          ]
        }
      ]
    },
    {
      "mode": "managed",
      "type": "ionoscloud_natgateway_rule",
      "name": "all-out",
      "provider": "provider[\"registry.terraform.io/ionos-cloud/ionoscloud\"]",
      "instances": [
        {
          "schema_version": 0,
          "attributes": {
            "datacenter_id": "f9c7c6b8-fe86-4238-9389-86884d93531d",
            "id": "9441cda6-92ab-4936-a7f6-f310578287f0",
            "name": "All-out",
            "natgateway_id": "3e259232-eb4b-491e-8358-1276506a9811",
            "protocol": "ALL",
            "public_ip": "157.97.105.57",
            "source_subnet": "192.168.10.0/24",
            "target_port_range": null,
            "target_subnet": "0.0.0.0/0",
            "timeouts": null,
            "type": "SNAT"
          },
          "sensitive_attributes": [],
          "private": "eyJlMmJmYjczMC1lY2FhLTExZTYtOGY4OC0zNDM2M2JjN2M0YzAiOnsiY3JlYXRlIjozNjAwMDAwMDAwMDAwLCJkZWZhdWx0IjozNjAwMDAwMDAwMDAwLCJkZWxldGUiOjM2MDAwMDAwMDAwMDAsInJlYWQiOjM2MDAwMDAwMDAwMDAsInVwZGF0ZSI6MzYwMDAwMDAwMDAwMH19",
          "dependencies": [
            "ionoscloud_datacenter.terraform-wp-db-external",
            "ionoscloud_ipblock.mysqltest",
            "ionoscloud_lan.terraform-lan-1",
            "ionoscloud_lan.terraform-wan-1",
            "ionoscloud_natgateway.ngw"
          ]
        }
      ]
    },
    {
      "mode": "managed",
      "type": "ionoscloud_nic",
      "name": "terraform-wp1-nic2",
      "provider": "provider[\"registry.terraform.io/ionos-cloud/ionoscloud\"]",
      "instances": [
        {
          "schema_version": 0,
          "attributes": {
            "datacenter_id": "f9c7c6b8-fe86-4238-9389-86884d93531d",
            "device_number": null,
            "dhcp": false,
            "firewall_active": false,
            "firewall_type": "INGRESS",
            "id": "51e6deec-596d-49c5-bb66-faa1c7f983f0",
            "ips": [
              "192.168.10.10"
            ],
            "lan": 2,
            "mac": "02:01:4a:be:e7:23",
            "name": null,
            "pci_slot": 7,
            "server_id": "567079d4-ce6c-42f5-8eac-9c0ab284a9a6",
            "timeouts": null
          },
          "sensitive_attributes": [],
          "private": "eyJlMmJmYjczMC1lY2FhLTExZTYtOGY4OC0zNDM2M2JjN2M0YzAiOnsiY3JlYXRlIjozNjAwMDAwMDAwMDAwLCJkZWZhdWx0IjozNjAwMDAwMDAwMDAwLCJkZWxldGUiOjM2MDAwMDAwMDAwMDAsInJlYWQiOjM2MDAwMDAwMDAwMDAsInVwZGF0ZSI6MzYwMDAwMDAwMDAwMH19",
          "dependencies": [
            "ionoscloud_datacenter.terraform-wp-db-external",
            "ionoscloud_ipblock.mysqltest",
            "ionoscloud_lan.terraform-lan-1",
            "ionoscloud_lan.terraform-wan-1",
            "ionoscloud_natgateway.ngw",
            "ionoscloud_natgateway_rule.all-out",
            "ionoscloud_server.terraform-db1",
            "ionoscloud_server.terraform-wp1"
          ]
        }
      ]
    },
    {
      "mode": "managed",
      "type": "ionoscloud_server",
      "name": "terraform-db1",
      "provider": "provider[\"registry.terraform.io/ionos-cloud/ionoscloud\"]",
      "instances": [
        {
          "schema_version": 0,
          "attributes": {
            "availability_zone": "AUTO",
            "boot_cdrom": null,
            "boot_image": "05b9bdbb-e311-11eb-a927-824af8c35c96",
            "boot_volume": "2c3ae57b-ac4d-439b-be04-a72f4d885041",
            "cores": 2,
            "cpu_family": "AMD_OPTERON",
            "datacenter_id": "f9c7c6b8-fe86-4238-9389-86884d93531d",
            "firewallrule_id": null,
            "id": "acf8d7b9-a101-4703-a001-c4e3d6932cc1",
            "image_name": "ubuntu",
            "image_password": "123456789",
            "name": "terraform-db1",
            "nic": [
              {
                "device_number": 0,
                "dhcp": false,
                "firewall": [],
                "firewall_active": false,
                "firewall_type": "INGRESS",
                "ips": [
                  "192.168.10.20"
                ],
                "lan": 2,
                "mac": "02:01:c1:09:76:d7",
                "name": "lan",
                "pci_slot": 0
              }
            ],
            "primary_ip": "192.168.10.20",
            "primary_nic": "ff74e0e7-aab3-49d0-8496-613fa5cef806",
            "ram": 4096,
            "ssh_key_path": [
              "/home/seth/.ssh/id_ed25519.pub"
            ],
            "template_uuid": null,
            "timeouts": null,
            "type": "ENTERPRISE",
            "volume": [
              {
                "availability_zone": "AUTO",
                "backup_unit_id": "",
                "boot_server": "acf8d7b9-a101-4703-a001-c4e3d6932cc1",
                "bus": "VIRTIO",
                "cpu_hot_plug": true,
                "device_number": 1,
                "disc_virtio_hot_plug": true,
                "disc_virtio_hot_unplug": true,
                "disk_type": "HDD",
                "image_password": "",
                "licence_type": "LINUX",
                "name": "terraform-db1-vol1",
                "nic_hot_plug": true,
                "nic_hot_unplug": true,
                "pci_slot": 0,
                "ram_hot_plug": true,
                "size": 50,
                "ssh_key_path": [],
                "user_data": "I2Nsb3VkLWNvbmZpZwoKd3JpdGVfZmlsZXM6Ci0gcGF0aDogL2V0Yy9jbG91ZC9jbG91ZC5jZmcuZC85OS1jdXN0b20tbmV0d29ya2luZy5jZmcKICBwZXJtaXNzaW9uczogJzA2NDQnCiAgY29udGVudDogfAogICAgbmV0d29yazoge2NvbmZpZzogZGlzYWJsZWR9Ci0gcGF0aDogL2V0Yy9uZXRwbGFuL2NvbmZpZy55YW1sCiAgcGVybWlzc2lvbnM6ICcwNjQ0JwogIGNvbnRlbnQ6IHwKICAgIG5ldHdvcms6CiAgICAgICAgdmVyc2lvbjogMgogICAgICAgIGV0aGVybmV0czoKICAgICAgICAgICAgZW5zNjoKICAgICAgICAgICAgICAgIGRoY3A0OiBmYWxzZQogICAgICAgICAgICAgICAgYWRkcmVzc2VzOiBbMTkyLjE2OC4xMC4yMC8yNF0KICAgICAgICAgICAgICAgIGdhdGV3YXk0OiAxOTIuMTY4LjEwLjEKICAgICAgICAgICAgICAgIG5hbWVzZXJ2ZXJzOgogICAgICAgICAgICAgICAgICBhZGRyZXNzZXM6IFsxLjEuMS4xXQoKCgpydW5jbWQ6CiAtIGVjaG8gInJ1bmNtZCBzdGFydCIKIC0gcm0gL2V0Yy9uZXRwbGFuLzUwLWNsb3VkLWluaXQueWFtbAogLSBybSAvZXRjL25ldHBsYW4vMDEtbmV0Y2ZnLnlhbWwKIC0gbmV0cGxhbiBnZW5lcmF0ZQogLSBuZXRwbGFuIGFwcGx5CiAtIHNsZWVwIDYwCiMgIFNldCBkZXNpcmVkIERCbmFtZSB1c2VybmFtZSBhbmQgcGFzc3dvcmQgYmVsb3csIHdpbGwgbmVlZCB0byBwcm92aWRlIHNhbWUgaW5mb3JtYXRpb24gaW4gd3AtaW5zdGFsbCBzZWN0aW9uCiAtIGV4cG9ydCBkYl9uYW1lPSJ0ZXN0ZGIiCiAtIGV4cG9ydCBkYl91c2VyPSJ3cHVzZXIiCiAtIGV4cG9ydCBkYl9wYXNzd29yZD0icGFzc3dvcmQxMjM0IgojICBlbmQgZGIgY3JlZGVudGlhbHMKIC0gYXB0IHVwZGF0ZQogLSBhcHQgaW5zdGFsbCAteSBteXNxbC1zZXJ2ZXIKIyAgY2hhbmdlIHJlcG8gYmVsb3cgZm9yIHByb2QgcmVsZWFzZQogLSBnaXQgY2xvbmUgaHR0cHM6Ly9naXRodWIuY29tL2h1ZWdvdHQvd3AtZXh0LWRiIC90bXAvbXlzcWwtY2xvdWQtaW5pdAogLSBjaG1vZCAreCAvdG1wL215c3FsLWNsb3VkLWluaXQvbXlzcWwtaW5zdGFsbC5zaAogLSAvdG1wL215c3FsLWNsb3VkLWluaXQvbXlzcWwtaW5zdGFsbC5zaAogLSBlY2hvICJydW5jbWQgY29tcGxldGUi"
              }
            ]
          },
          "sensitive_attributes": [],
          "private": "eyJlMmJmYjczMC1lY2FhLTExZTYtOGY4OC0zNDM2M2JjN2M0YzAiOnsiY3JlYXRlIjozNjAwMDAwMDAwMDAwLCJkZWZhdWx0IjozNjAwMDAwMDAwMDAwLCJkZWxldGUiOjM2MDAwMDAwMDAwMDAsInJlYWQiOjM2MDAwMDAwMDAwMDAsInVwZGF0ZSI6MzYwMDAwMDAwMDAwMH19",
          "dependencies": [
            "ionoscloud_datacenter.terraform-wp-db-external",
            "ionoscloud_ipblock.mysqltest",
            "ionoscloud_lan.terraform-lan-1",
            "ionoscloud_lan.terraform-wan-1",
            "ionoscloud_natgateway.ngw",
            "ionoscloud_natgateway_rule.all-out"
          ]
        }
      ]
    },
    {
      "mode": "managed",
      "type": "ionoscloud_server",
      "name": "terraform-wp1",
      "provider": "provider[\"registry.terraform.io/ionos-cloud/ionoscloud\"]",
      "instances": [
        {
          "schema_version": 0,
          "attributes": {
            "availability_zone": "AUTO",
            "boot_cdrom": null,
            "boot_image": "05b9bdbb-e311-11eb-a927-824af8c35c96",
            "boot_volume": "f222fbf9-8f15-4a0f-8a61-e2733fbb8a27",
            "cores": 2,
            "cpu_family": "AMD_OPTERON",
            "datacenter_id": "f9c7c6b8-fe86-4238-9389-86884d93531d",
            "firewallrule_id": null,
            "id": "567079d4-ce6c-42f5-8eac-9c0ab284a9a6",
            "image_name": "ubuntu",
            "image_password": "123456789",
            "name": "terraform-wp1",
            "nic": [
              {
                "device_number": 0,
                "dhcp": true,
                "firewall": [],
                "firewall_active": false,
                "firewall_type": "INGRESS",
                "ips": [
                  "217.160.150.3"
                ],
                "lan": 1,
                "mac": "02:01:b6:f2:b9:01",
                "name": "WAN",
                "pci_slot": 0
              }
            ],
            "primary_ip": "217.160.150.3",
            "primary_nic": "029d11c1-82e8-470b-9b8d-9c3f06b44d06",
            "ram": 4096,
            "ssh_key_path": [
              "/home/seth/.ssh/id_ed25519.pub"
            ],
            "template_uuid": null,
            "timeouts": null,
            "type": "ENTERPRISE",
            "volume": [
              {
                "availability_zone": "AUTO",
                "backup_unit_id": "",
                "boot_server": "567079d4-ce6c-42f5-8eac-9c0ab284a9a6",
                "bus": "VIRTIO",
                "cpu_hot_plug": true,
                "device_number": 1,
                "disc_virtio_hot_plug": true,
                "disc_virtio_hot_unplug": true,
                "disk_type": "HDD",
                "image_password": "",
                "licence_type": "LINUX",
                "name": "terraform-wp1-vol1",
                "nic_hot_plug": true,
                "nic_hot_unplug": true,
                "pci_slot": 0,
                "ram_hot_plug": true,
                "size": 50,
                "ssh_key_path": [],
                "user_data": "I2Nsb3VkLWNvbmZpZwp3cml0ZV9maWxlczoKLSBwYXRoOiAvZXRjL2Nsb3VkL2Nsb3VkLmNmZy5kLzk5LWN1c3RvbS1uZXR3b3JraW5nLmNmZwogIHBlcm1pc3Npb25zOiAnMDY0NCcKICBjb250ZW50OiB8CiAgICBuZXR3b3JrOiB7Y29uZmlnOiBkaXNhYmxlZH0KLSBwYXRoOiAvZXRjL25ldHBsYW4vY29uZmlnLnlhbWwKICBwZXJtaXNzaW9uczogJzA2NDQnCiAgY29udGVudDogfAogICAgbmV0d29yazoKICAgICAgICB2ZXJzaW9uOiAyCiAgICAgICAgZXRoZXJuZXRzOgogICAgICAgICAgICBlbnM2OgogICAgICAgICAgICAgICAgZGhjcDQ6IHRydWUgICAgICAgICAgICAgICAgICAgICAgICAgICAgIAogICAgICAgICAgICBlbnM3OgogICAgICAgICAgICAgICAgZGhjcDQ6IGZhbHNlCiAgICAgICAgICAgICAgICBhZGRyZXNzZXM6IFsxOTIuMTY4LjEwLjEwLzI0XSAgCgpydW5jbWQ6CiAtIGVjaG8gInJ1bmNtZCBzdGFydCIKIC0gcm0gL2V0Yy9uZXRwbGFuLzUwLWNsb3VkLWluaXQueWFtbAogLSBybSAvZXRjL25ldHBsYW4vMDEtbmV0Y2ZnLnlhbWwKIC0gbmV0cGxhbiBnZW5lcmF0ZQogLSBuZXRwbGFuIGFwcGx5CiAtIHNsZWVwIDMwCiAtIGFwdCB1cGRhdGUKIC0gYXB0IGluc3RhbGwgLXkgYXBhY2hlMgojICBzZXQgZGIgY3JlZGVudGlhbHMgYmVsb3cKIC0gZXhwb3J0IGRiX25hbWU9InRlc3RkYiIKIC0gZXhwb3J0IGRiX3VzZXI9IndwdXNlciIKIC0gZXhwb3J0IGRiX3Bhc3N3b3JkPSJwYXNzd29yZDEyMzQiCiAtIGV4cG9ydCBkYl9ob3N0PSIxOTIuMTY4LjEwLjIwIgojICBlbmQgZGIgY3JlZGVudGlhbHMKIC0gZ2l0IGNsb25lIGh0dHBzOi8vZ2l0aHViLmNvbS9odWVnb3R0L3dwLWV4dC1kYiAvdG1wL3dwLWluc3RhbGwKIC0gY2htb2QgK3ggL3RtcC93cC1pbnN0YWxsL3dwLWluc3RhbGwuc2gKIC0gL3RtcC93cC1pbnN0YWxsL3dwLWluc3RhbGwuc2g="
              }
            ]
          },
          "sensitive_attributes": [],
          "private": "eyJlMmJmYjczMC1lY2FhLTExZTYtOGY4OC0zNDM2M2JjN2M0YzAiOnsiY3JlYXRlIjozNjAwMDAwMDAwMDAwLCJkZWZhdWx0IjozNjAwMDAwMDAwMDAwLCJkZWxldGUiOjM2MDAwMDAwMDAwMDAsInJlYWQiOjM2MDAwMDAwMDAwMDAsInVwZGF0ZSI6MzYwMDAwMDAwMDAwMH19",
          "dependencies": [
            "ionoscloud_datacenter.terraform-wp-db-external",
            "ionoscloud_ipblock.mysqltest",
            "ionoscloud_lan.terraform-lan-1",
            "ionoscloud_lan.terraform-wan-1",
            "ionoscloud_natgateway.ngw",
            "ionoscloud_natgateway_rule.all-out",
            "ionoscloud_server.terraform-db1"
          ]
        }
      ]
    }
  ]
}
